
Microsoft Visual Studio Solution File, Format Version 12.00
# Visual Studio Version 16
VisualStudioVersion = 16.0.32002.261
MinimumVisualStudioVersion = 10.0.40219.1
Project("{FAE04EC0-301F-11D3-BF4B-00C04F79EFBC}") = "RandomUserApp.UWP", "RandomUserApp.UWP\RandomUserApp.UWP.csproj", "{BC9492BB-EAB7-4E30-AE24-0B27EC46B520}"
EndProject
Project("{FAE04EC0-301F-11D3-BF4B-00C04F79EFBC}") = "RandomUserApp.Android", "RandomUserApp.Android\RandomUserApp.Android.csproj", "{CF987B1D-5DF3-40D0-A195-CD12F584799F}"
EndProject
Project("{FAE04EC0-301F-11D3-BF4B-00C04F79EFBC}") = "RandomUserApp.iOS", "RandomUserApp.iOS\RandomUserApp.iOS.csproj", "{C9B92C8B-727A-4B0D-98E1-85AB8D0DDF07}"
EndProject
Project("{FAE04EC0-301F-11D3-BF4B-00C04F79EFBC}") = "RandomUserApp", "RandomUserApp\RandomUserApp.csproj", "{96EB7CB5-B2D9-4386-A940-795D9FF92553}"
EndProject
Global
	GlobalSection(SolutionConfigurationPlatforms) = preSolution
		Debug|Any CPU = Debug|Any CPU
		Debug|ARM = Debug|ARM
		Debug|iPhone = Debug|iPhone
		Debug|iPhoneSimulator = Debug|iPhoneSimulator
		Debug|x64 = Debug|x64
		Debug|x86 = Debug|x86
		Release|Any CPU = Release|Any CPU
		Release|ARM = Release|ARM
		Release|iPhone = Release|iPhone
		Release|iPhoneSimulator = Release|iPhoneSimulator
		Release|x64 = Release|x64
		Release|x86 = Release|x86
	EndGlobalSection
	GlobalSection(ProjectConfigurationPlatforms) = postSolution
		{BC9492BB-EAB7-4E30-AE24-0B27EC46B520}.Debug|Any CPU.ActiveCfg = Debug|x86
		{BC9492BB-EAB7-4E30-AE24-0B27EC46B520}.Debug|Any CPU.Build.0 = Debug|x86
		{BC9492BB-EAB7-4E30-AE24-0B27EC46B520}.Debug|Any CPU.Deploy.0 = Debug|x86
		{BC9492BB-EAB7-4E30-AE24-0B27EC46B520}.Debug|ARM.ActiveCfg = Debug|ARM
		{BC9492BB-EAB7-4E30-AE24-0B27EC46B520}.Debug|ARM.Build.0 = Debug|ARM
		{BC9492BB-EAB7-4E30-AE24-0B27EC46B520}.Debug|ARM.Deploy.0 = Debug|ARM
		{BC9492BB-EAB7-4E30-AE24-0B27EC46B520}.Debug|iPhone.ActiveCfg = Debug|x86
		{BC9492BB-EAB7-4E30-AE24-0B27EC46B520}.Debug|iPhone.Build.0 = Debug|x86
		{BC9492BB-EAB7-4E30-AE24-0B27EC46B520}.Debug|iPhone.Deploy.0 = Debug|x86
		{BC9492BB-EAB7-4E30-AE24-0B27EC46B520}.Debug|iPhoneSimulator.ActiveCfg = Debug|x86
		{BC9492BB-EAB7-4E30-AE24-0B27EC46B520}.Debug|iPhoneSimulator.Build.0 = Debug|x86
		{BC9492BB-EAB7-4E30-AE24-0B27EC46B520}.Debug|iPhoneSimulator.Deploy.0 = Debug|x86
		{BC9492BB-EAB7-4E30-AE24-0B27EC46B520}.Debug|x64.ActiveCfg = Debug|x64
		{BC9492BB-EAB7-4E30-AE24-0B27EC46B520}.Debug|x64.Build.0 = Debug|x64
		{BC9492BB-EAB7-4E30-AE24-0B27EC46B520}.Debug|x64.Deploy.0 = Debug|x64
		{BC9492BB-EAB7-4E30-AE24-0B27EC46B520}.Debug|x86.ActiveCfg = Debug|x86
		{BC9492BB-EAB7-4E30-AE24-0B27EC46B520}.Debug|x86.Build.0 = Debug|x86
		{BC9492BB-EAB7-4E30-AE24-0B27EC46B520}.Debug|x86.Deploy.0 = Debug|x86
		{BC9492BB-EAB7-4E30-AE24-0B27EC46B520}.Release|Any CPU.ActiveCfg = Release|x86
		{BC9492BB-EAB7-4E30-AE24-0B27EC46B520}.Release|Any CPU.Build.0 = Release|x86
		{BC9492BB-EAB7-4E30-AE24-0B27EC46B520}.Release|Any CPU.Deploy.0 = Release|x86
		{BC9492BB-EAB7-4E30-AE24-0B27EC46B520}.Release|ARM.ActiveCfg = Release|ARM
		{BC9492BB-EAB7-4E30-AE24-0B27EC46B520}.Release|ARM.Build.0 = Release|ARM
		{BC9492BB-EAB7-4E30-AE24-0B27EC46B520}.Release|ARM.Deploy.0 = Release|ARM
		{BC9492BB-EAB7-4E30-AE24-0B27EC46B520}.Release|iPhone.ActiveCfg = Release|x86
		{BC9492BB-EAB7-4E30-AE24-0B27EC46B520}.Release|iPhone.Build.0 = Release|x86
		{BC9492BB-EAB7-4E30-AE24-0B27EC46B520}.Release|iPhone.Deploy.0 = Release|x86
		{BC9492BB-EAB7-4E30-AE24-0B27EC46B520}.Release|iPhoneSimulator.ActiveCfg = Release|x86
		{BC9492BB-EAB7-4E30-AE24-0B27EC46B520}.Release|iPhoneSimulator.Build.0 = Release|x86
		{BC9492BB-EAB7-4E30-AE24-0B27EC46B520}.Release|iPhoneSimulator.Deploy.0 = Release|x86
		{BC9492BB-EAB7-4E30-AE24-0B27EC46B520}.Release|x64.ActiveCfg = Release|x64
		{BC9492BB-EAB7-4E30-AE24-0B27EC46B520}.Release|x64.Build.0 = Release|x64
		{BC9492BB-EAB7-4E30-AE24-0B27EC46B520}.Release|x64.Deploy.0 = Release|x64
		{BC9492BB-EAB7-4E30-AE24-0B27EC46B520}.Release|x86.ActiveCfg = Release|x86
		{BC9492BB-EAB7-4E30-AE24-0B27EC46B520}.Release|x86.Build.0 = Release|x86
		{BC9492BB-EAB7-4E30-AE24-0B27EC46B520}.Release|x86.Deploy.0 = Release|x86
		{CF987B1D-5DF3-40D0-A195-CD12F584799F}.Debug|Any CPU.ActiveCfg = Debug|Any CPU
		{CF987B1D-5DF3-40D0-A195-CD12F584799F}.Debug|Any CPU.Build.0 = Debug|Any CPU
		{CF987B1D-5DF3-40D0-A195-CD12F584799F}.Debug|Any CPU.Deploy.0 = Debug|Any CPU
		{CF987B1D-5DF3-40D0-A195-CD12F584799F}.Debug|ARM.ActiveCfg = Debug|Any CPU
		{CF987B1D-5DF3-40D0-A195-CD12F584799F}.Debug|ARM.Build.0 = Debug|Any CPU
		{CF987B1D-5DF3-40D0-A195-CD12F584799F}.Debug|ARM.Deploy.0 = Debug|Any CPU
		{CF987B1D-5DF3-40D0-A195-CD12F584799F}.Debug|iPhone.ActiveCfg = Debug|Any CPU
		{CF987B1D-5DF3-40D0-A195-CD12F584799F}.Debug|iPhone.Build.0 = Debug|Any CPU
		{CF987B1D-5DF3-40D0-A195-CD12F584799F}.Debug|iPhone.Deploy.0 = Debug|Any CPU
		{CF987B1D-5DF3-40D0-A195-CD12F584799F}.Debug|iPhoneSimulator.ActiveCfg = Debug|Any CPU
		{CF987B1D-5DF3-40D0-A195-CD12F584799F}.Debug|iPhoneSimulator.Build.0 = Debug|Any CPU
		{CF987B1D-5DF3-40D0-A195-CD12F584799F}.Debug|iPhoneSimulator.Deploy.0 = Debug|Any CPU
		{CF987B1D-5DF3-40D0-A195-CD12F584799F}.Debug|x64.ActiveCfg = Debug|Any CPU
		{CF987B1D-5DF3-40D0-A195-CD12F584799F}.Debug|x64.Build.0 = Debug|Any CPU
		{CF987B1D-5DF3-40D0-A195-CD12F584799F}.Debug|x64.Deploy.0 = Debug|Any CPU
		{CF987B1D-5DF3-40D0-A195-CD12F584799F}.Debug|x86.ActiveCfg = Debug|Any CPU
		{CF987B1D-5DF3-40D0-A195-CD12F584799F}.Debug|x86.Build.0 = Debug|Any CPU
		{CF987B1D-5DF3-40D0-A195-CD12F584799F}.Debug|x86.Deploy.0 = Debug|Any CPU
		{CF987B1D-5DF3-40D0-A195-CD12F584799F}.Release|Any CPU.ActiveCfg = Release|Any CPU
		{CF987B1D-5DF3-40D0-A195-CD12F584799F}.Release|Any CPU.Build.0 = Release|Any CPU
		{CF987B1D-5DF3-40D0-A195-CD12F584799F}.Release|Any CPU.Deploy.0 = Release|Any CPU
		{CF987B1D-5DF3-40D0-A195-CD12F584799F}.Release|ARM.ActiveCfg = Release|Any CPU
		{CF987B1D-5DF3-40D0-A195-CD12F584799F}.Release|ARM.Build.0 = Release|Any CPU
		{CF987B1D-5DF3-40D0-A195-CD12F584799F}.Release|ARM.Deploy.0 = Release|Any CPU
		{CF987B1D-5DF3-40D0-A195-CD12F584799F}.Release|iPhone.ActiveCfg = Release|Any CPU
		{CF987B1D-5DF3-40D0-A195-CD12F584799F}.Release|iPhone.Build.0 = Release|Any CPU
		{CF987B1D-5DF3-40D0-A195-CD12F584799F}.Release|iPhone.Deploy.0 = Release|Any CPU
		{CF987B1D-5DF3-40D0-A195-CD12F584799F}.Release|iPhoneSimulator.ActiveCfg = Release|Any CPU
		{CF987B1D-5DF3-40D0-A195-CD12F584799F}.Release|iPhoneSimulator.Build.0 = Release|Any CPU
		{CF987B1D-5DF3-40D0-A195-CD12F584799F}.Release|iPhoneSimulator.Deploy.0 = Release|Any CPU
		{CF987B1D-5DF3-40D0-A195-CD12F584799F}.Release|x64.ActiveCfg = Release|Any CPU
		{CF987B1D-5DF3-40D0-A195-CD12F584799F}.Release|x64.Build.0 = Release|Any CPU
		{CF987B1D-5DF3-40D0-A195-CD12F584799F}.Release|x64.Deploy.0 = Release|Any CPU
		{CF987B1D-5DF3-40D0-A195-CD12F584799F}.Release|x86.ActiveCfg = Release|Any CPU
		{CF987B1D-5DF3-40D0-A195-CD12F584799F}.Release|x86.Build.0 = Release|Any CPU
		{CF987B1D-5DF3-40D0-A195-CD12F584799F}.Release|x86.Deploy.0 = Release|Any CPU
		{C9B92C8B-727A-4B0D-98E1-85AB8D0DDF07}.Debug|Any CPU.ActiveCfg = Debug|iPhoneSimulator
		{C9B92C8B-727A-4B0D-98E1-85AB8D0DDF07}.Debug|Any CPU.Build.0 = Debug|iPhoneSimulator
		{C9B92C8B-727A-4B0D-98E1-85AB8D0DDF07}.Debug|Any CPU.Deploy.0 = Debug|iPhoneSimulator
		{C9B92C8B-727A-4B0D-98E1-85AB8D0DDF07}.Debug|ARM.ActiveCfg = Debug|iPhone
		{C9B92C8B-727A-4B0D-98E1-85AB8D0DDF07}.Debug|ARM.Build.0 = Debug|iPhone
		{C9B92C8B-727A-4B0D-98E1-85AB8D0DDF07}.Debug|ARM.Deploy.0 = Debug|iPhone
		{C9B92C8B-727A-4B0D-98E1-85AB8D0DDF07}.Debug|iPhone.ActiveCfg = Debug|iPhone
		{C9B92C8B-727A-4B0D-98E1-85AB8D0DDF07}.Debug|iPhone.Build.0 = Debug|iPhone
		{C9B92C8B-727A-4B0D-98E1-85AB8D0DDF07}.Debug|iPhone.Deploy.0 = Debug|iPhone
		{C9B92C8B-727A-4B0D-98E1-85AB8D0DDF07}.Debug|iPhoneSimulator.ActiveCfg = Debug|iPhoneSimulator
		{C9B92C8B-727A-4B0D-98E1-85AB8D0DDF07}.Debug|iPhoneSimulator.Build.0 = Debug|iPhoneSimulator
		{C9B92C8B-727A-4B0D-98E1-85AB8D0DDF07}.Debug|iPhoneSimulator.Deploy.0 = Debug|iPhoneSimulator
		{C9B92C8B-727A-4B0D-98E1-85AB8D0DDF07}.Debug|x64.ActiveCfg = Debug|iPhoneSimulator
		{C9B92C8B-727A-4B0D-98E1-85AB8D0DDF07}.Debug|x64.Build.0 = Debug|iPhoneSimulator
		{C9B92C8B-727A-4B0D-98E1-85AB8D0DDF07}.Debug|x64.Deploy.0 = Debug|iPhoneSimulator
		{C9B92C8B-727A-4B0D-98E1-85AB8D0DDF07}.Debug|x86.ActiveCfg = Debug|iPhoneSimulator
		{C9B92C8B-727A-4B0D-98E1-85AB8D0DDF07}.Debug|x86.Build.0 = Debug|iPhoneSimulator
		{C9B92C8B-727A-4B0D-98E1-85AB8D0DDF07}.Debug|x86.Deploy.0 = Debug|iPhoneSimulator
		{C9B92C8B-727A-4B0D-98E1-85AB8D0DDF07}.Release|Any CPU.ActiveCfg = Release|iPhoneSimulator
		{C9B92C8B-727A-4B0D-98E1-85AB8D0DDF07}.Release|Any CPU.Build.0 = Release|iPhoneSimulator
		{C9B92C8B-727A-4B0D-98E1-85AB8D0DDF07}.Release|Any CPU.Deploy.0 = Release|iPhoneSimulator
		{C9B92C8B-727A-4B0D-98E1-85AB8D0DDF07}.Release|ARM.ActiveCfg = Release|iPhoneSimulator
		{C9B92C8B-727A-4B0D-98E1-85AB8D0DDF07}.Release|ARM.Build.0 = Release|iPhoneSimulator
		{C9B92C8B-727A-4B0D-98E1-85AB8D0DDF07}.Release|ARM.Deploy.0 = Release|iPhoneSimulator
		{C9B92C8B-727A-4B0D-98E1-85AB8D0DDF07}.Release|iPhone.ActiveCfg = Release|iPhone
		{C9B92C8B-727A-4B0D-98E1-85AB8D0DDF07}.Release|iPhone.Build.0 = Release|iPhone
		{C9B92C8B-727A-4B0D-98E1-85AB8D0DDF07}.Release|iPhone.Deploy.0 = Release|iPhone
		{C9B92C8B-727A-4B0D-98E1-85AB8D0DDF07}.Release|iPhoneSimulator.ActiveCfg = Release|iPhoneSimulator
		{C9B92C8B-727A-4B0D-98E1-85AB8D0DDF07}.Release|iPhoneSimulator.Build.0 = Release|iPhoneSimulator
		{C9B92C8B-727A-4B0D-98E1-85AB8D0DDF07}.Release|iPhoneSimulator.Deploy.0 = Release|iPhoneSimulator
		{C9B92C8B-727A-4B0D-98E1-85AB8D0DDF07}.Release|x64.ActiveCfg = Release|iPhoneSimulator
		{C9B92C8B-727A-4B0D-98E1-85AB8D0DDF07}.Release|x64.Build.0 = Release|iPhoneSimulator
		{C9B92C8B-727A-4B0D-98E1-85AB8D0DDF07}.Release|x64.Deploy.0 = Release|iPhoneSimulator
		{C9B92C8B-727A-4B0D-98E1-85AB8D0DDF07}.Release|x86.ActiveCfg = Release|iPhoneSimulator
		{C9B92C8B-727A-4B0D-98E1-85AB8D0DDF07}.Release|x86.Build.0 = Release|iPhoneSimulator
		{C9B92C8B-727A-4B0D-98E1-85AB8D0DDF07}.Release|x86.Deploy.0 = Release|iPhoneSimulator
		{96EB7CB5-B2D9-4386-A940-795D9FF92553}.Debug|Any CPU.ActiveCfg = Debug|Any CPU
		{96EB7CB5-B2D9-4386-A940-795D9FF92553}.Debug|Any CPU.Build.0 = Debug|Any CPU
		{96EB7CB5-B2D9-4386-A940-795D9FF92553}.Debug|Any CPU.Deploy.0 = Debug|Any CPU
		{96EB7CB5-B2D9-4386-A940-795D9FF92553}.Debug|ARM.ActiveCfg = Debug|Any CPU
		{96EB7CB5-B2D9-4386-A940-795D9FF92553}.Debug|ARM.Build.0 = Debug|Any CPU
		{96EB7CB5-B2D9-4386-A940-795D9FF92553}.Debug|ARM.Deploy.0 = Debug|Any CPU
		{96EB7CB5-B2D9-4386-A940-795D9FF92553}.Debug|iPhone.ActiveCfg = Debug|Any CPU
		{96EB7CB5-B2D9-4386-A940-795D9FF92553}.Debug|iPhone.Build.0 = Debug|Any CPU
		{96EB7CB5-B2D9-4386-A940-795D9FF92553}.Debug|iPhone.Deploy.0 = Debug|Any CPU
		{96EB7CB5-B2D9-4386-A940-795D9FF92553}.Debug|iPhoneSimulator.ActiveCfg = Debug|Any CPU
		{96EB7CB5-B2D9-4386-A940-795D9FF92553}.Debug|iPhoneSimulator.Build.0 = Debug|Any CPU
		{96EB7CB5-B2D9-4386-A940-795D9FF92553}.Debug|iPhoneSimulator.Deploy.0 = Debug|Any CPU
		{96EB7CB5-B2D9-4386-A940-795D9FF92553}.Debug|x64.ActiveCfg = Debug|Any CPU
		{96EB7CB5-B2D9-4386-A940-795D9FF92553}.Debug|x64.Build.0 = Debug|Any CPU
		{96EB7CB5-B2D9-4386-A940-795D9FF92553}.Debug|x64.Deploy.0 = Debug|Any CPU
		{96EB7CB5-B2D9-4386-A940-795D9FF92553}.Debug|x86.ActiveCfg = Debug|Any CPU
		{96EB7CB5-B2D9-4386-A940-795D9FF92553}.Debug|x86.Build.0 = Debug|Any CPU
		{96EB7CB5-B2D9-4386-A940-795D9FF92553}.Debug|x86.Deploy.0 = Debug|Any CPU
		{96EB7CB5-B2D9-4386-A940-795D9FF92553}.Release|Any CPU.ActiveCfg = Release|Any CPU
		{96EB7CB5-B2D9-4386-A940-795D9FF92553}.Release|Any CPU.Build.0 = Release|Any CPU
		{96EB7CB5-B2D9-4386-A940-795D9FF92553}.Release|Any CPU.Deploy.0 = Release|Any CPU
		{96EB7CB5-B2D9-4386-A940-795D9FF92553}.Release|ARM.ActiveCfg = Release|Any CPU
		{96EB7CB5-B2D9-4386-A940-795D9FF92553}.Release|ARM.Build.0 = Release|Any CPU
		{96EB7CB5-B2D9-4386-A940-795D9FF92553}.Release|ARM.Deploy.0 = Release|Any CPU
		{96EB7CB5-B2D9-4386-A940-795D9FF92553}.Release|iPhone.ActiveCfg = Release|Any CPU
		{96EB7CB5-B2D9-4386-A940-795D9FF92553}.Release|iPhone.Build.0 = Release|Any CPU
		{96EB7CB5-B2D9-4386-A940-795D9FF92553}.Release|iPhone.Deploy.0 = Release|Any CPU
		{96EB7CB5-B2D9-4386-A940-795D9FF92553}.Release|iPhoneSimulator.ActiveCfg = Release|Any CPU
		{96EB7CB5-B2D9-4386-A940-795D9FF92553}.Release|iPhoneSimulator.Build.0 = Release|Any CPU
		{96EB7CB5-B2D9-4386-A940-795D9FF92553}.Release|iPhoneSimulator.Deploy.0 = Release|Any CPU
		{96EB7CB5-B2D9-4386-A940-795D9FF92553}.Release|x64.ActiveCfg = Release|Any CPU
		{96EB7CB5-B2D9-4386-A940-795D9FF92553}.Release|x64.Build.0 = Release|Any CPU
		{96EB7CB5-B2D9-4386-A940-795D9FF92553}.Release|x64.Deploy.0 = Release|Any CPU
		{96EB7CB5-B2D9-4386-A940-795D9FF92553}.Release|x86.ActiveCfg = Release|Any CPU
		{96EB7CB5-B2D9-4386-A940-795D9FF92553}.Release|x86.Build.0 = Release|Any CPU
		{96EB7CB5-B2D9-4386-A940-795D9FF92553}.Release|x86.Deploy.0 = Release|Any CPU
	EndGlobalSection
	GlobalSection(SolutionProperties) = preSolution
		HideSolutionNode = FALSE
	EndGlobalSection
	GlobalSection(ExtensibilityGlobals) = postSolution
		SolutionGuid = {5D754B69-574A-4FE9-B96B-169006C9295B}
	EndGlobalSection
EndGlobal
